
Microsoft Visual Studio Solution File, Format Version 12.00
# Visual Studio Version 17
VisualStudioVersion = 17.3.32929.385
MinimumVisualStudioVersion = 10.0.40219.1
Project("{FAE04EC0-301F-11D3-BF4B-00C04F79EFBC}") = "Factory", "PatternsTask\Factory.csproj", "{44D0C9D3-D7C3-4195-9AB1-D4A207900420}"
EndProject
Project("{FAE04EC0-301F-11D3-BF4B-00C04F79EFBC}") = "AbsractFactory", "AbsractFactory\AbsractFactory.csproj", "{4A0570C9-BA72-405B-82EF-38619D006189}"
EndProject
Project("{FAE04EC0-301F-11D3-BF4B-00C04F79EFBC}") = "Singleton", "Singleton\Singleton.csproj", "{79F3F79B-646D-4D0A-83F3-B2F3BAD9FA2E}"
EndProject
Global
	GlobalSection(SolutionConfigurationPlatforms) = preSolution
		Debug|Any CPU = Debug|Any CPU
		Release|Any CPU = Release|Any CPU
	EndGlobalSection
	GlobalSection(ProjectConfigurationPlatforms) = postSolution
		{44D0C9D3-D7C3-4195-9AB1-D4A207900420}.Debug|Any CPU.ActiveCfg = Debug|Any CPU
		{44D0C9D3-D7C3-4195-9AB1-D4A207900420}.Debug|Any CPU.Build.0 = Debug|Any CPU
		{44D0C9D3-D7C3-4195-9AB1-D4A207900420}.Release|Any CPU.ActiveCfg = Release|Any CPU
		{44D0C9D3-D7C3-4195-9AB1-D4A207900420}.Release|Any CPU.Build.0 = Release|Any CPU
		{4A0570C9-BA72-405B-82EF-38619D006189}.Debug|Any CPU.ActiveCfg = Debug|Any CPU
		{4A0570C9-BA72-405B-82EF-38619D006189}.Debug|Any CPU.Build.0 = Debug|Any CPU
		{4A0570C9-BA72-405B-82EF-38619D006189}.Release|Any CPU.ActiveCfg = Release|Any CPU
		{4A0570C9-BA72-405B-82EF-38619D006189}.Release|Any CPU.Build.0 = Release|Any CPU
		{79F3F79B-646D-4D0A-83F3-B2F3BAD9FA2E}.Debug|Any CPU.ActiveCfg = Debug|Any CPU
		{79F3F79B-646D-4D0A-83F3-B2F3BAD9FA2E}.Debug|Any CPU.Build.0 = Debug|Any CPU
		{79F3F79B-646D-4D0A-83F3-B2F3BAD9FA2E}.Release|Any CPU.ActiveCfg = Release|Any CPU
		{79F3F79B-646D-4D0A-83F3-B2F3BAD9FA2E}.Release|Any CPU.Build.0 = Release|Any CPU
	EndGlobalSection
	GlobalSection(SolutionProperties) = preSolution
		HideSolutionNode = FALSE
	EndGlobalSection
	GlobalSection(ExtensibilityGlobals) = postSolution
		SolutionGuid = {05687F04-3012-4082-848C-7ABC314D4F7D}
	EndGlobalSection
EndGlobal
